// !$*UTF8*$!
{
	archiveVersion = 1;
	classes = {
	};
	objectVersion = 56;
	objects = {

/* Begin PBXBuildFile section */
		B129DCA42BFE0346006C2E78 /* RandomizerState.swift in Sources */ = {isa = PBXBuildFile; fileRef = B129DCA32BFE0346006C2E78 /* RandomizerState.swift */; };
		B129DCA62BFE0A75006C2E78 /* PortraitView.swift in Sources */ = {isa = PBXBuildFile; fileRef = B129DCA52BFE0A75006C2E78 /* PortraitView.swift */; };
		B14E4FD42BBBF3CD007E946D /* Localizable.xcstrings in Resources */ = {isa = PBXBuildFile; fileRef = B14E4FD32BBBF3CD007E946D /* Localizable.xcstrings */; };
		B14E50012BBF13E8007E946D /* LandscapeView.swift in Sources */ = {isa = PBXBuildFile; fileRef = B14E50002BBF13E8007E946D /* LandscapeView.swift */; };
		B14E50052BBF3D37007E946D /* Functions.swift in Sources */ = {isa = PBXBuildFile; fileRef = B14E50042BBF3D37007E946D /* Functions.swift */; };
		B14E50072BBF3DE1007E946D /* Extensions.swift in Sources */ = {isa = PBXBuildFile; fileRef = B14E50062BBF3DE1007E946D /* Extensions.swift */; };
		B1519AE12B36BC5900D84B6D /* SettingsView.swift in Sources */ = {isa = PBXBuildFile; fileRef = B1519AE02B36BC5900D84B6D /* SettingsView.swift */; };
		B1750F4B2C0D9FF3008133B7 /* AboutView.swift in Sources */ = {isa = PBXBuildFile; fileRef = B1750F4A2C0D9FF3008133B7 /* AboutView.swift */; };
		B1A4FA622BFCD69900BD1E54 /* SettingsStore.swift in Sources */ = {isa = PBXBuildFile; fileRef = B1A4FA612BFCD69900BD1E54 /* SettingsStore.swift */; };
		B1BF25132B0D282700F3E6F1 /* Assets.xcassets in Resources */ = {isa = PBXBuildFile; fileRef = B1FD99282B07882000781D1D /* Assets.xcassets */; };
		B1F431F72BAC13EB004A92D0 /* IntSlider.swift in Sources */ = {isa = PBXBuildFile; fileRef = B1F431F62BAC13EB004A92D0 /* IntSlider.swift */; };
		B1F431F92BAE18C3004A92D0 /* limitedTextField.swift in Sources */ = {isa = PBXBuildFile; fileRef = B1F431F82BAE18C2004A92D0 /* limitedTextField.swift */; };
		B1FD99252B07881D00781D1D /* RandomizerApp.swift in Sources */ = {isa = PBXBuildFile; fileRef = B1FD99242B07881D00781D1D /* RandomizerApp.swift */; };
		B1FD99272B07881D00781D1D /* ContentView.swift in Sources */ = {isa = PBXBuildFile; fileRef = B1FD99262B07881D00781D1D /* ContentView.swift */; };
		B1FD992C2B07882000781D1D /* Preview Assets.xcassets in Resources */ = {isa = PBXBuildFile; fileRef = B1FD992B2B07882000781D1D /* Preview Assets.xcassets */; };
/* End PBXBuildFile section */

/* Begin PBXFileReference section */
		B129DCA32BFE0346006C2E78 /* RandomizerState.swift */ = {isa = PBXFileReference; lastKnownFileType = sourcecode.swift; path = RandomizerState.swift; sourceTree = "<group>"; };
		B129DCA52BFE0A75006C2E78 /* PortraitView.swift */ = {isa = PBXFileReference; lastKnownFileType = sourcecode.swift; path = PortraitView.swift; sourceTree = "<group>"; };
		B14E4FD32BBBF3CD007E946D /* Localizable.xcstrings */ = {isa = PBXFileReference; lastKnownFileType = text.json.xcstrings; path = Localizable.xcstrings; sourceTree = "<group>"; };
		B14E50002BBF13E8007E946D /* LandscapeView.swift */ = {isa = PBXFileReference; lastKnownFileType = sourcecode.swift; path = LandscapeView.swift; sourceTree = "<group>"; };
		B14E50042BBF3D37007E946D /* Functions.swift */ = {isa = PBXFileReference; lastKnownFileType = sourcecode.swift; path = Functions.swift; sourceTree = "<group>"; };
		B14E50062BBF3DE1007E946D /* Extensions.swift */ = {isa = PBXFileReference; lastKnownFileType = sourcecode.swift; path = Extensions.swift; sourceTree = "<group>"; };
		B1519AE02B36BC5900D84B6D /* SettingsView.swift */ = {isa = PBXFileReference; lastKnownFileType = sourcecode.swift; path = SettingsView.swift; sourceTree = "<group>"; };
		B1750F4A2C0D9FF3008133B7 /* AboutView.swift */ = {isa = PBXFileReference; lastKnownFileType = sourcecode.swift; path = AboutView.swift; sourceTree = "<group>"; };
		B1A4FA612BFCD69900BD1E54 /* SettingsStore.swift */ = {isa = PBXFileReference; lastKnownFileType = sourcecode.swift; path = SettingsStore.swift; sourceTree = "<group>"; };
		B1F431F62BAC13EB004A92D0 /* IntSlider.swift */ = {isa = PBXFileReference; lastKnownFileType = sourcecode.swift; path = IntSlider.swift; sourceTree = "<group>"; };
		B1F431F82BAE18C2004A92D0 /* limitedTextField.swift */ = {isa = PBXFileReference; lastKnownFileType = sourcecode.swift; path = limitedTextField.swift; sourceTree = "<group>"; };
		B1FD99212B07881D00781D1D /* Randomizer.app */ = {isa = PBXFileReference; explicitFileType = wrapper.application; includeInIndex = 0; path = Randomizer.app; sourceTree = BUILT_PRODUCTS_DIR; };
		B1FD99242B07881D00781D1D /* RandomizerApp.swift */ = {isa = PBXFileReference; lastKnownFileType = sourcecode.swift; path = RandomizerApp.swift; sourceTree = "<group>"; };
		B1FD99262B07881D00781D1D /* ContentView.swift */ = {isa = PBXFileReference; lastKnownFileType = sourcecode.swift; path = ContentView.swift; sourceTree = "<group>"; };
		B1FD99282B07882000781D1D /* Assets.xcassets */ = {isa = PBXFileReference; lastKnownFileType = folder.assetcatalog; path = Assets.xcassets; sourceTree = "<group>"; };
		B1FD992B2B07882000781D1D /* Preview Assets.xcassets */ = {isa = PBXFileReference; lastKnownFileType = folder.assetcatalog; path = "Preview Assets.xcassets"; sourceTree = "<group>"; };
/* End PBXFileReference section */

/* Begin PBXFrameworksBuildPhase section */
		B1FD991E2B07881D00781D1D /* Frameworks */ = {
			isa = PBXFrameworksBuildPhase;
			buildActionMask = 2147483647;
			files = (
			);
			runOnlyForDeploymentPostprocessing = 0;
		};
/* End PBXFrameworksBuildPhase section */

/* Begin PBXGroup section */
		B1A4FA602BFCD68000BD1E54 /* Settings */ = {
			isa = PBXGroup;
			children = (
				B1519AE02B36BC5900D84B6D /* SettingsView.swift */,
				B1A4FA612BFCD69900BD1E54 /* SettingsStore.swift */,
				B129DCA32BFE0346006C2E78 /* RandomizerState.swift */,
				B1750F4A2C0D9FF3008133B7 /* AboutView.swift */,
			);
			path = Settings;
			sourceTree = "<group>";
		};
		B1A4FA632BFCD6DE00BD1E54 /* View */ = {
			isa = PBXGroup;
			children = (
				B1A4FA652BFCD71300BD1E54 /* CustomElement */,
				B14E50002BBF13E8007E946D /* LandscapeView.swift */,
				B129DCA52BFE0A75006C2E78 /* PortraitView.swift */,
			);
			path = View;
			sourceTree = "<group>";
		};
		B1A4FA642BFCD6F500BD1E54 /* CommonFunctions */ = {
			isa = PBXGroup;
			children = (
				B14E50042BBF3D37007E946D /* Functions.swift */,
				B14E50062BBF3DE1007E946D /* Extensions.swift */,
			);
			path = CommonFunctions;
			sourceTree = "<group>";
		};
		B1A4FA652BFCD71300BD1E54 /* CustomElement */ = {
			isa = PBXGroup;
			children = (
				B1F431F62BAC13EB004A92D0 /* IntSlider.swift */,
				B1F431F82BAE18C2004A92D0 /* limitedTextField.swift */,
			);
			path = CustomElement;
			sourceTree = "<group>";
		};
		B1FD99182B07881D00781D1D = {
			isa = PBXGroup;
			children = (
				B1FD99232B07881D00781D1D /* Randomizer */,
				B1FD99222B07881D00781D1D /* Products */,
			);
			sourceTree = "<group>";
		};
		B1FD99222B07881D00781D1D /* Products */ = {
			isa = PBXGroup;
			children = (
				B1FD99212B07881D00781D1D /* Randomizer.app */,
			);
			name = Products;
			sourceTree = "<group>";
		};
		B1FD99232B07881D00781D1D /* Randomizer */ = {
			isa = PBXGroup;
			children = (
				B1A4FA642BFCD6F500BD1E54 /* CommonFunctions */,
				B1A4FA602BFCD68000BD1E54 /* Settings */,
				B1A4FA632BFCD6DE00BD1E54 /* View */,
				B1FD99242B07881D00781D1D /* RandomizerApp.swift */,
				B1FD99262B07881D00781D1D /* ContentView.swift */,
				B14E4FD32BBBF3CD007E946D /* Localizable.xcstrings */,
				B1FD99282B07882000781D1D /* Assets.xcassets */,
				B1FD992A2B07882000781D1D /* Preview Content */,
			);
			path = Randomizer;
			sourceTree = "<group>";
		};
		B1FD992A2B07882000781D1D /* Preview Content */ = {
			isa = PBXGroup;
			children = (
				B1FD992B2B07882000781D1D /* Preview Assets.xcassets */,
			);
			path = "Preview Content";
			sourceTree = "<group>";
		};
/* End PBXGroup section */

/* Begin PBXNativeTarget section */
		B1FD99202B07881D00781D1D /* Randomizer */ = {
			isa = PBXNativeTarget;
			buildConfigurationList = B1FD99452B07882000781D1D /* Build configuration list for PBXNativeTarget "Randomizer" */;
			buildPhases = (
				B1FD991D2B07881D00781D1D /* Sources */,
				B1FD991E2B07881D00781D1D /* Frameworks */,
				B1FD991F2B07881D00781D1D /* Resources */,
			);
			buildRules = (
			);
			dependencies = (
			);
			name = Randomizer;
			productName = HelloSwift;
			productReference = B1FD99212B07881D00781D1D /* Randomizer.app */;
			productType = "com.apple.product-type.application";
		};
/* End PBXNativeTarget section */

/* Begin PBXProject section */
		B1FD99192B07881D00781D1D /* Project object */ = {
			isa = PBXProject;
			attributes = {
				BuildIndependentTargetsInParallel = 1;
				LastSwiftUpdateCheck = 1510;
				LastUpgradeCheck = 1540;
				TargetAttributes = {
					B1FD99202B07881D00781D1D = {
						CreatedOnToolsVersion = 15.1;
					};
				};
			};
			buildConfigurationList = B1FD991C2B07881D00781D1D /* Build configuration list for PBXProject "Randomizer" */;
			compatibilityVersion = "Xcode 14.0";
			developmentRegion = en;
			hasScannedForEncodings = 0;
			knownRegions = (
				en,
				Base,
				ja,
			);
			mainGroup = B1FD99182B07881D00781D1D;
			productRefGroup = B1FD99222B07881D00781D1D /* Products */;
			projectDirPath = "";
			projectRoot = "";
			targets = (
				B1FD99202B07881D00781D1D /* Randomizer */,
			);
		};
/* End PBXProject section */

/* Begin PBXResourcesBuildPhase section */
		B1FD991F2B07881D00781D1D /* Resources */ = {
			isa = PBXResourcesBuildPhase;
			buildActionMask = 2147483647;
			files = (
				B1BF25132B0D282700F3E6F1 /* Assets.xcassets in Resources */,
				B1FD992C2B07882000781D1D /* Preview Assets.xcassets in Resources */,
				B14E4FD42BBBF3CD007E946D /* Localizable.xcstrings in Resources */,
			);
			runOnlyForDeploymentPostprocessing = 0;
		};
/* End PBXResourcesBuildPhase section */

/* Begin PBXSourcesBuildPhase section */
		B1FD991D2B07881D00781D1D /* Sources */ = {
			isa = PBXSourcesBuildPhase;
			buildActionMask = 2147483647;
			files = (
				B14E50052BBF3D37007E946D /* Functions.swift in Sources */,
				B14E50012BBF13E8007E946D /* LandscapeView.swift in Sources */,
				B1F431F72BAC13EB004A92D0 /* IntSlider.swift in Sources */,
				B1519AE12B36BC5900D84B6D /* SettingsView.swift in Sources */,
				B1750F4B2C0D9FF3008133B7 /* AboutView.swift in Sources */,
				B14E50072BBF3DE1007E946D /* Extensions.swift in Sources */,
				B1F431F92BAE18C3004A92D0 /* limitedTextField.swift in Sources */,
				B1FD99272B07881D00781D1D /* ContentView.swift in Sources */,
				B1FD99252B07881D00781D1D /* RandomizerApp.swift in Sources */,
				B129DCA62BFE0A75006C2E78 /* PortraitView.swift in Sources */,
				B1A4FA622BFCD69900BD1E54 /* SettingsStore.swift in Sources */,
				B129DCA42BFE0346006C2E78 /* RandomizerState.swift in Sources */,
			);
			runOnlyForDeploymentPostprocessing = 0;
		};
/* End PBXSourcesBuildPhase section */

/* Begin XCBuildConfiguration section */
		B1FD99432B07882000781D1D /* Debug */ = {
			isa = XCBuildConfiguration;
			buildSettings = {
				ALWAYS_SEARCH_USER_PATHS = NO;
				ASSETCATALOG_COMPILER_GENERATE_SWIFT_ASSET_SYMBOL_EXTENSIONS = YES;
				CLANG_ANALYZER_LOCALIZABILITY_NONLOCALIZED = YES;
				CLANG_ANALYZER_NONNULL = YES;
				CLANG_ANALYZER_NUMBER_OBJECT_CONVERSION = YES_AGGRESSIVE;
				CLANG_CXX_LANGUAGE_STANDARD = "gnu++20";
				CLANG_ENABLE_MODULES = YES;
				CLANG_ENABLE_OBJC_ARC = YES;
				CLANG_ENABLE_OBJC_WEAK = YES;
				CLANG_WARN_BLOCK_CAPTURE_AUTORELEASING = YES;
				CLANG_WARN_BOOL_CONVERSION = YES;
				CLANG_WARN_COMMA = YES;
				CLANG_WARN_CONSTANT_CONVERSION = YES;
				CLANG_WARN_DEPRECATED_OBJC_IMPLEMENTATIONS = YES;
				CLANG_WARN_DIRECT_OBJC_ISA_USAGE = YES_ERROR;
				CLANG_WARN_DOCUMENTATION_COMMENTS = YES;
				CLANG_WARN_EMPTY_BODY = YES;
				CLANG_WARN_ENUM_CONVERSION = YES;
				CLANG_WARN_INFINITE_RECURSION = YES;
				CLANG_WARN_INT_CONVERSION = YES;
				CLANG_WARN_NON_LITERAL_NULL_CONVERSION = YES;
				CLANG_WARN_OBJC_IMPLICIT_RETAIN_SELF = YES;
				CLANG_WARN_OBJC_LITERAL_CONVERSION = YES;
				CLANG_WARN_OBJC_ROOT_CLASS = YES_ERROR;
				CLANG_WARN_QUOTED_INCLUDE_IN_FRAMEWORK_HEADER = YES;
				CLANG_WARN_RANGE_LOOP_ANALYSIS = YES;
				CLANG_WARN_STRICT_PROTOTYPES = YES;
				CLANG_WARN_SUSPICIOUS_MOVE = YES;
				CLANG_WARN_UNGUARDED_AVAILABILITY = YES_AGGRESSIVE;
				CLANG_WARN_UNREACHABLE_CODE = YES;
				CLANG_WARN__DUPLICATE_METHOD_MATCH = YES;
				COPY_PHASE_STRIP = NO;
				DEBUG_INFORMATION_FORMAT = dwarf;
				ENABLE_STRICT_OBJC_MSGSEND = YES;
				ENABLE_TESTABILITY = YES;
				ENABLE_USER_SCRIPT_SANDBOXING = YES;
				GCC_C_LANGUAGE_STANDARD = gnu17;
				GCC_DYNAMIC_NO_PIC = NO;
				GCC_NO_COMMON_BLOCKS = YES;
				GCC_OPTIMIZATION_LEVEL = 0;
				GCC_PREPROCESSOR_DEFINITIONS = (
					"DEBUG=1",
					"$(inherited)",
				);
				GCC_WARN_64_TO_32_BIT_CONVERSION = YES;
				GCC_WARN_ABOUT_RETURN_TYPE = YES_ERROR;
				GCC_WARN_UNDECLARED_SELECTOR = YES;
				GCC_WARN_UNINITIALIZED_AUTOS = YES_AGGRESSIVE;
				GCC_WARN_UNUSED_FUNCTION = YES;
				GCC_WARN_UNUSED_VARIABLE = YES;
				IPHONEOS_DEPLOYMENT_TARGET = 17.0;
				LOCALIZATION_PREFERS_STRING_CATALOGS = YES;
				MTL_ENABLE_DEBUG_INFO = INCLUDE_SOURCE;
				MTL_FAST_MATH = YES;
				ONLY_ACTIVE_ARCH = YES;
				SDKROOT = iphoneos;
				SWIFT_ACTIVE_COMPILATION_CONDITIONS = "DEBUG $(inherited)";
				SWIFT_OPTIMIZATION_LEVEL = "-Onone";
			};
			name = Debug;
		};
		B1FD99442B07882000781D1D /* Release */ = {
			isa = XCBuildConfiguration;
			buildSettings = {
				ALWAYS_SEARCH_USER_PATHS = NO;
				ASSETCATALOG_COMPILER_GENERATE_SWIFT_ASSET_SYMBOL_EXTENSIONS = YES;
				CLANG_ANALYZER_LOCALIZABILITY_NONLOCALIZED = YES;
				CLANG_ANALYZER_NONNULL = YES;
				CLANG_ANALYZER_NUMBER_OBJECT_CONVERSION = YES_AGGRESSIVE;
				CLANG_CXX_LANGUAGE_STANDARD = "gnu++20";
				CLANG_ENABLE_MODULES = YES;
				CLANG_ENABLE_OBJC_ARC = YES;
				CLANG_ENABLE_OBJC_WEAK = YES;
				CLANG_WARN_BLOCK_CAPTURE_AUTORELEASING = YES;
				CLANG_WARN_BOOL_CONVERSION = YES;
				CLANG_WARN_COMMA = YES;
				CLANG_WARN_CONSTANT_CONVERSION = YES;
				CLANG_WARN_DEPRECATED_OBJC_IMPLEMENTATIONS = YES;
				CLANG_WARN_DIRECT_OBJC_ISA_USAGE = YES_ERROR;
				CLANG_WARN_DOCUMENTATION_COMMENTS = YES;
				CLANG_WARN_EMPTY_BODY = YES;
				CLANG_WARN_ENUM_CONVERSION = YES;
				CLANG_WARN_INFINITE_RECURSION = YES;
				CLANG_WARN_INT_CONVERSION = YES;
				CLANG_WARN_NON_LITERAL_NULL_CONVERSION = YES;
				CLANG_WARN_OBJC_IMPLICIT_RETAIN_SELF = YES;
				CLANG_WARN_OBJC_LITERAL_CONVERSION = YES;
				CLANG_WARN_OBJC_ROOT_CLASS = YES_ERROR;
				CLANG_WARN_QUOTED_INCLUDE_IN_FRAMEWORK_HEADER = YES;
				CLANG_WARN_RANGE_LOOP_ANALYSIS = YES;
				CLANG_WARN_STRICT_PROTOTYPES = YES;
				CLANG_WARN_SUSPICIOUS_MOVE = YES;
				CLANG_WARN_UNGUARDED_AVAILABILITY = YES_AGGRESSIVE;
				CLANG_WARN_UNREACHABLE_CODE = YES;
				CLANG_WARN__DUPLICATE_METHOD_MATCH = YES;
				COPY_PHASE_STRIP = NO;
				DEBUG_INFORMATION_FORMAT = "dwarf-with-dsym";
				ENABLE_NS_ASSERTIONS = NO;
				ENABLE_STRICT_OBJC_MSGSEND = YES;
				ENABLE_USER_SCRIPT_SANDBOXING = YES;
				GCC_C_LANGUAGE_STANDARD = gnu17;
				GCC_NO_COMMON_BLOCKS = YES;
				GCC_WARN_64_TO_32_BIT_CONVERSION = YES;
				GCC_WARN_ABOUT_RETURN_TYPE = YES_ERROR;
				GCC_WARN_UNDECLARED_SELECTOR = YES;
				GCC_WARN_UNINITIALIZED_AUTOS = YES_AGGRESSIVE;
				GCC_WARN_UNUSED_FUNCTION = YES;
				GCC_WARN_UNUSED_VARIABLE = YES;
				IPHONEOS_DEPLOYMENT_TARGET = 17.0;
				LOCALIZATION_PREFERS_STRING_CATALOGS = YES;
				MTL_ENABLE_DEBUG_INFO = NO;
				MTL_FAST_MATH = YES;
				SDKROOT = iphoneos;
				SWIFT_COMPILATION_MODE = wholemodule;
				VALIDATE_PRODUCT = YES;
			};
			name = Release;
		};
		B1FD99462B07882000781D1D /* Debug */ = {
			isa = XCBuildConfiguration;
			buildSettings = {
				ASSETCATALOG_COMPILER_APPICON_NAME = rndIcon;
				ASSETCATALOG_COMPILER_GLOBAL_ACCENT_COLOR_NAME = AccentColor;
				ASSETCATALOG_COMPILER_INCLUDE_ALL_APPICON_ASSETS = NO;
				CODE_SIGN_IDENTITY = "Apple Development";
				CODE_SIGN_STYLE = Automatic;
				CURRENT_PROJECT_VERSION = 1;
				DEVELOPMENT_ASSET_PATHS = "\"Randomizer/Preview Content\"";
				DEVELOPMENT_TEAM = 245AVHR596;
				ENABLE_PREVIEWS = YES;
				GENERATE_INFOPLIST_FILE = YES;
				INFOPLIST_FILE = Randomizer/Info.plist;
				INFOPLIST_KEY_CFBundleDisplayName = Randomizer;
				INFOPLIST_KEY_LSApplicationCategoryType = "public.app-category.utilities";
				INFOPLIST_KEY_UIApplicationSceneManifest_Generation = YES;
				INFOPLIST_KEY_UIApplicationSupportsIndirectInputEvents = YES;
				INFOPLIST_KEY_UILaunchScreen_Generation = YES;
				INFOPLIST_KEY_UIStatusBarHidden = YES;
				INFOPLIST_KEY_UISupportedInterfaceOrientations = "UIInterfaceOrientationLandscapeLeft UIInterfaceOrientationLandscapeRight UIInterfaceOrientationPortrait";
				INFOPLIST_KEY_UISupportedInterfaceOrientations_iPad = UIInterfaceOrientationPortrait;
				IPHONEOS_DEPLOYMENT_TARGET = 15.0;
				LD_RUNPATH_SEARCH_PATHS = (
					"$(inherited)",
					"@executable_path/Frameworks",
				);
				MARKETING_VERSION = 0.1a;
				PRODUCT_BUNDLE_IDENTIFIER = com.ulyssas.Randomizer;
				PRODUCT_NAME = "$(TARGET_NAME)";
				PROVISIONING_PROFILE_SPECIFIER = "";
				SUPPORTED_PLATFORMS = "iphoneos iphonesimulator";
				SUPPORTS_MACCATALYST = NO;
				SUPPORTS_MAC_DESIGNED_FOR_IPHONE_IPAD = YES;
				SWIFT_EMIT_LOC_STRINGS = YES;
				SWIFT_VERSION = 5.0;
				TARGETED_DEVICE_FAMILY = 1;
			};
			name = Debug;
		};
		B1FD99472B07882000781D1D /* Release */ = {
			isa = XCBuildConfiguration;
			buildSettings = {
				ASSETCATALOG_COMPILER_APPICON_NAME = rndIcon;
				ASSETCATALOG_COMPILER_GLOBAL_ACCENT_COLOR_NAME = AccentColor;
				ASSETCATALOG_COMPILER_INCLUDE_ALL_APPICON_ASSETS = NO;
				CODE_SIGN_IDENTITY = "Apple Development";
				CODE_SIGN_STYLE = Automatic;
				CURRENT_PROJECT_VERSION = 1;
				DEVELOPMENT_ASSET_PATHS = "\"Randomizer/Preview Content\"";
				DEVELOPMENT_TEAM = 245AVHR596;
				ENABLE_PREVIEWS = YES;
				GENERATE_INFOPLIST_FILE = YES;
				INFOPLIST_FILE = Randomizer/Info.plist;
				INFOPLIST_KEY_CFBundleDisplayName = Randomizer;
				INFOPLIST_KEY_LSApplicationCategoryType = "public.app-category.utilities";
				INFOPLIST_KEY_UIApplicationSceneManifest_Generation = YES;
				INFOPLIST_KEY_UIApplicationSupportsIndirectInputEvents = YES;
				INFOPLIST_KEY_UILaunchScreen_Generation = YES;
				INFOPLIST_KEY_UIStatusBarHidden = YES;
				INFOPLIST_KEY_UISupportedInterfaceOrientations = "UIInterfaceOrientationLandscapeLeft UIInterfaceOrientationLandscapeRight UIInterfaceOrientationPortrait";
				INFOPLIST_KEY_UISupportedInterfaceOrientations_iPad = UIInterfaceOrientationPortrait;
				IPHONEOS_DEPLOYMENT_TARGET = 15.0;
				LD_RUNPATH_SEARCH_PATHS = (
					"$(inherited)",
					"@executable_path/Frameworks",
				);
				MARKETING_VERSION = 0.1a;
				PRODUCT_BUNDLE_IDENTIFIER = com.ulyssas.Randomizer;
				PRODUCT_NAME = "$(TARGET_NAME)";
				PROVISIONING_PROFILE_SPECIFIER = "";
				SUPPORTED_PLATFORMS = "iphoneos iphonesimulator";
				SUPPORTS_MACCATALYST = NO;
				SUPPORTS_MAC_DESIGNED_FOR_IPHONE_IPAD = YES;
				SWIFT_EMIT_LOC_STRINGS = YES;
				SWIFT_VERSION = 5.0;
				TARGETED_DEVICE_FAMILY = 1;
			};
			name = Release;
		};
/* End XCBuildConfiguration section */

/* Begin XCConfigurationList section */
		B1FD991C2B07881D00781D1D /* Build configuration list for PBXProject "Randomizer" */ = {
			isa = XCConfigurationList;
			buildConfigurations = (
				B1FD99432B07882000781D1D /* Debug */,
				B1FD99442B07882000781D1D /* Release */,
			);
			defaultConfigurationIsVisible = 0;
			defaultConfigurationName = Release;
		};
		B1FD99452B07882000781D1D /* Build configuration list for PBXNativeTarget "Randomizer" */ = {
			isa = XCConfigurationList;
			buildConfigurations = (
				B1FD99462B07882000781D1D /* Debug */,
				B1FD99472B07882000781D1D /* Release */,
			);
			defaultConfigurationIsVisible = 0;
			defaultConfigurationName = Release;
		};
/* End XCConfigurationList section */
	};
	rootObject = B1FD99192B07881D00781D1D /* Project object */;
}
